// !$*UTF8*$!
{
	archiveVersion = 1;
	classes = {
	};
	objectVersion = 46;
	objects = {

/* Begin PBXBuildFile section */
		A026A1001F1DC31A007CF948 /* CircleLabel.m in Sources */ = {isa = PBXBuildFile; fileRef = A026A0FF1F1DC31A007CF948 /* CircleLabel.m */; };
		A028A6171F22069F003A4CC4 /* WeakLinkObj.m in Sources */ = {isa = PBXBuildFile; fileRef = A028A6161F22069F003A4CC4 /* WeakLinkObj.m */; };
		A028A61A1F2206AE003A4CC4 /* WaveView.m in Sources */ = {isa = PBXBuildFile; fileRef = A028A6191F2206AE003A4CC4 /* WaveView.m */; };
		A04EF0761F20568B00CC70FB /* BlueRoundButton.m in Sources */ = {isa = PBXBuildFile; fileRef = A04EF0751F20568B00CC70FB /* BlueRoundButton.m */; };
		A04EF0791F2056BF00CC70FB /* RightRoundCornerLabel.m in Sources */ = {isa = PBXBuildFile; fileRef = A04EF0781F2056BF00CC70FB /* RightRoundCornerLabel.m */; };
		A07E86551F160E2000A3D158 /* HorizontalBarChartViewController.xib in Resources */ = {isa = PBXBuildFile; fileRef = A07E86541F160E2000A3D158 /* HorizontalBarChartViewController.xib */; };
		A07E865B1F16307F00A3D158 /* MembershipViewController.m in Sources */ = {isa = PBXBuildFile; fileRef = A07E86591F16307F00A3D158 /* MembershipViewController.m */; };
		A07E865E1F16309900A3D158 /* MembershipViewController.xib in Resources */ = {isa = PBXBuildFile; fileRef = A07E865D1F16309900A3D158 /* MembershipViewController.xib */; };
		A09008D31F20C201002E044B /* GroupButtonWithColor.m in Sources */ = {isa = PBXBuildFile; fileRef = A09008D21F20C201002E044B /* GroupButtonWithColor.m */; };
		A0978FCD1F18A63000F815BA /* SimpleHorizontalBarChart.m in Sources */ = {isa = PBXBuildFile; fileRef = A0978FCC1F18A63000F815BA /* SimpleHorizontalBarChart.m */; };
		A09F27F01F1F12BC00DF4825 /* WavingViewViewController.m in Sources */ = {isa = PBXBuildFile; fileRef = A09F27EE1F1F12BC00DF4825 /* WavingViewViewController.m */; };
		A09F27F31F1F12D200DF4825 /* WavingViewViewController.xib in Resources */ = {isa = PBXBuildFile; fileRef = A09F27F21F1F12D200DF4825 /* WavingViewViewController.xib */; };
		A0A77C911F14750F00D16BC2 /* main.m in Sources */ = {isa = PBXBuildFile; fileRef = A0A77C901F14750F00D16BC2 /* main.m */; };
		A0A77C941F14750F00D16BC2 /* AppDelegate.m in Sources */ = {isa = PBXBuildFile; fileRef = A0A77C931F14750F00D16BC2 /* AppDelegate.m */; };
		A0A77C9A1F14750F00D16BC2 /* Main.storyboard in Resources */ = {isa = PBXBuildFile; fileRef = A0A77C981F14750F00D16BC2 /* Main.storyboard */; };
		A0A77C9C1F14750F00D16BC2 /* Assets.xcassets in Resources */ = {isa = PBXBuildFile; fileRef = A0A77C9B1F14750F00D16BC2 /* Assets.xcassets */; };
		A0A77C9F1F14750F00D16BC2 /* LaunchScreen.storyboard in Resources */ = {isa = PBXBuildFile; fileRef = A0A77C9D1F14750F00D16BC2 /* LaunchScreen.storyboard */; };
		A0A77CAE1F14A52200D16BC2 /* HorizontalBarChartViewController.m in Sources */ = {isa = PBXBuildFile; fileRef = A0A77CAD1F14A52200D16BC2 /* HorizontalBarChartViewController.m */; };
		A0A77CB11F14A54500D16BC2 /* ViewController.m in Sources */ = {isa = PBXBuildFile; fileRef = A0A77CB01F14A54500D16BC2 /* ViewController.m */; };
		A0C4747A1F1C60080098BCED /* CustomRankingPanel.m in Sources */ = {isa = PBXBuildFile; fileRef = A0C474791F1C60080098BCED /* CustomRankingPanel.m */; };
		A0C474801F1CB2570098BCED /* Silver Cup.jpg in Resources */ = {isa = PBXBuildFile; fileRef = A0C4747E1F1CB2570098BCED /* Silver Cup.jpg */; };
		A0C474811F1CB2570098BCED /* Silver Cup@2x.jpg in Resources */ = {isa = PBXBuildFile; fileRef = A0C4747F1F1CB2570098BCED /* Silver Cup@2x.jpg */; };
		A0CA3CE41F19178400BF4079 /* BarChartValueLabel.m in Sources */ = {isa = PBXBuildFile; fileRef = A0CA3CE31F19178400BF4079 /* BarChartValueLabel.m */; };
		A0EF81C21F17A087006065BF /* UIColor+RGB.m in Sources */ = {isa = PBXBuildFile; fileRef = A0EF81C11F17A087006065BF /* UIColor+RGB.m */; };
		B7B32994D794EA1B65256A60 /* Pods_MyChartDemo.framework in Frameworks */ = {isa = PBXBuildFile; fileRef = CD67C3014E77FAC6F86485EE /* Pods_MyChartDemo.framework */; };
		E684C6EA3E121773D358CE2D /* Pods_AnimationLab.framework in Frameworks */ = {isa = PBXBuildFile; fileRef = 5D80AB908942154A2D69DA66 /* Pods_AnimationLab.framework */; };
/* End PBXBuildFile section */

/* Begin PBXFileReference section */
		5A19D921E89C62C4E8E4B9F9 /* Pods-AnimationLab.release.xcconfig */ = {isa = PBXFileReference; includeInIndex = 1; lastKnownFileType = text.xcconfig; name = "Pods-AnimationLab.release.xcconfig"; path = "Pods/Target Support Files/Pods-AnimationLab/Pods-AnimationLab.release.xcconfig"; sourceTree = "<group>"; };
		5D80AB908942154A2D69DA66 /* Pods_AnimationLab.framework */ = {isa = PBXFileReference; explicitFileType = wrapper.framework; includeInIndex = 0; path = Pods_AnimationLab.framework; sourceTree = BUILT_PRODUCTS_DIR; };
		A026A0FE1F1DC31A007CF948 /* CircleLabel.h */ = {isa = PBXFileReference; fileEncoding = 4; lastKnownFileType = sourcecode.c.h; name = CircleLabel.h; path = View/CircleLabel.h; sourceTree = "<group>"; };
		A026A0FF1F1DC31A007CF948 /* CircleLabel.m */ = {isa = PBXFileReference; fileEncoding = 4; lastKnownFileType = sourcecode.c.objc; name = CircleLabel.m; path = View/CircleLabel.m; sourceTree = "<group>"; };
		A028A6151F22069F003A4CC4 /* WeakLinkObj.h */ = {isa = PBXFileReference; fileEncoding = 4; lastKnownFileType = sourcecode.c.h; name = WeakLinkObj.h; path = View/WaveView/WeakLinkObj.h; sourceTree = "<group>"; };
		A028A6161F22069F003A4CC4 /* WeakLinkObj.m */ = {isa = PBXFileReference; fileEncoding = 4; lastKnownFileType = sourcecode.c.objc; name = WeakLinkObj.m; path = View/WaveView/WeakLinkObj.m; sourceTree = "<group>"; };
		A028A6181F2206AE003A4CC4 /* WaveView.h */ = {isa = PBXFileReference; fileEncoding = 4; lastKnownFileType = sourcecode.c.h; name = WaveView.h; path = View/WaveView/WaveView.h; sourceTree = "<group>"; };
		A028A6191F2206AE003A4CC4 /* WaveView.m */ = {isa = PBXFileReference; fileEncoding = 4; lastKnownFileType = sourcecode.c.objc; name = WaveView.m; path = View/WaveView/WaveView.m; sourceTree = "<group>"; };
		A04EF0741F20568B00CC70FB /* BlueRoundButton.h */ = {isa = PBXFileReference; fileEncoding = 4; lastKnownFileType = sourcecode.c.h; name = BlueRoundButton.h; path = View/BlueRoundButton.h; sourceTree = "<group>"; };
		A04EF0751F20568B00CC70FB /* BlueRoundButton.m */ = {isa = PBXFileReference; fileEncoding = 4; lastKnownFileType = sourcecode.c.objc; name = BlueRoundButton.m; path = View/BlueRoundButton.m; sourceTree = "<group>"; };
		A04EF0771F2056BF00CC70FB /* RightRoundCornerLabel.h */ = {isa = PBXFileReference; fileEncoding = 4; lastKnownFileType = sourcecode.c.h; name = RightRoundCornerLabel.h; path = View/RightRoundCornerLabel.h; sourceTree = "<group>"; };
		A04EF0781F2056BF00CC70FB /* RightRoundCornerLabel.m */ = {isa = PBXFileReference; fileEncoding = 4; lastKnownFileType = sourcecode.c.objc; name = RightRoundCornerLabel.m; path = View/RightRoundCornerLabel.m; sourceTree = "<group>"; };
		A07E86541F160E2000A3D158 /* HorizontalBarChartViewController.xib */ = {isa = PBXFileReference; fileEncoding = 4; lastKnownFileType = file.xib; name = HorizontalBarChartViewController.xib; path = Xibs/HorizontalBarChartViewController.xib; sourceTree = "<group>"; };
		A07E86581F16307F00A3D158 /* MembershipViewController.h */ = {isa = PBXFileReference; fileEncoding = 4; lastKnownFileType = sourcecode.c.h; name = MembershipViewController.h; path = Controller/MembershipViewController.h; sourceTree = "<group>"; };
		A07E86591F16307F00A3D158 /* MembershipViewController.m */ = {isa = PBXFileReference; fileEncoding = 4; lastKnownFileType = sourcecode.c.objc; name = MembershipViewController.m; path = Controller/MembershipViewController.m; sourceTree = "<group>"; };
		A07E865D1F16309900A3D158 /* MembershipViewController.xib */ = {isa = PBXFileReference; fileEncoding = 4; lastKnownFileType = file.xib; name = MembershipViewController.xib; path = Xibs/MembershipViewController.xib; sourceTree = "<group>"; };
		A09008D11F20C201002E044B /* GroupButtonWithColor.h */ = {isa = PBXFileReference; fileEncoding = 4; lastKnownFileType = sourcecode.c.h; name = GroupButtonWithColor.h; path = View/GroupButtonWithColor.h; sourceTree = "<group>"; };
		A09008D21F20C201002E044B /* GroupButtonWithColor.m */ = {isa = PBXFileReference; fileEncoding = 4; lastKnownFileType = sourcecode.c.objc; name = GroupButtonWithColor.m; path = View/GroupButtonWithColor.m; sourceTree = "<group>"; };
		A0978FCB1F18A63000F815BA /* SimpleHorizontalBarChart.h */ = {isa = PBXFileReference; fileEncoding = 4; lastKnownFileType = sourcecode.c.h; name = SimpleHorizontalBarChart.h; path = View/SimpleHorizontalBarChart.h; sourceTree = "<group>"; };
		A0978FCC1F18A63000F815BA /* SimpleHorizontalBarChart.m */ = {isa = PBXFileReference; fileEncoding = 4; lastKnownFileType = sourcecode.c.objc; name = SimpleHorizontalBarChart.m; path = View/SimpleHorizontalBarChart.m; sourceTree = "<group>"; };
		A09F27ED1F1F12BC00DF4825 /* WavingViewViewController.h */ = {isa = PBXFileReference; fileEncoding = 4; lastKnownFileType = sourcecode.c.h; name = WavingViewViewController.h; path = Controller/WavingViewViewController.h; sourceTree = "<group>"; };
		A09F27EE1F1F12BC00DF4825 /* WavingViewViewController.m */ = {isa = PBXFileReference; fileEncoding = 4; lastKnownFileType = sourcecode.c.objc; name = WavingViewViewController.m; path = Controller/WavingViewViewController.m; sourceTree = "<group>"; };
		A09F27F21F1F12D200DF4825 /* WavingViewViewController.xib */ = {isa = PBXFileReference; fileEncoding = 4; lastKnownFileType = file.xib; name = WavingViewViewController.xib; path = Xibs/WavingViewViewController.xib; sourceTree = "<group>"; };
		A0A77C8C1F14750F00D16BC2 /* AnimationLab.app */ = {isa = PBXFileReference; explicitFileType = wrapper.application; includeInIndex = 0; path = AnimationLab.app; sourceTree = BUILT_PRODUCTS_DIR; };
		A0A77C901F14750F00D16BC2 /* main.m */ = {isa = PBXFileReference; lastKnownFileType = sourcecode.c.objc; path = main.m; sourceTree = "<group>"; };
		A0A77C921F14750F00D16BC2 /* AppDelegate.h */ = {isa = PBXFileReference; lastKnownFileType = sourcecode.c.h; path = AppDelegate.h; sourceTree = "<group>"; };
		A0A77C931F14750F00D16BC2 /* AppDelegate.m */ = {isa = PBXFileReference; lastKnownFileType = sourcecode.c.objc; path = AppDelegate.m; sourceTree = "<group>"; };
		A0A77C991F14750F00D16BC2 /* Base */ = {isa = PBXFileReference; lastKnownFileType = file.storyboard; name = Base; path = Base.lproj/Main.storyboard; sourceTree = "<group>"; };
		A0A77C9B1F14750F00D16BC2 /* Assets.xcassets */ = {isa = PBXFileReference; lastKnownFileType = folder.assetcatalog; path = Assets.xcassets; sourceTree = "<group>"; };
		A0A77C9E1F14750F00D16BC2 /* Base */ = {isa = PBXFileReference; lastKnownFileType = file.storyboard; name = Base; path = Base.lproj/LaunchScreen.storyboard; sourceTree = "<group>"; };
		A0A77CA01F14750F00D16BC2 /* Info.plist */ = {isa = PBXFileReference; lastKnownFileType = text.plist.xml; path = Info.plist; sourceTree = "<group>"; };
		A0A77CAC1F14A52200D16BC2 /* HorizontalBarChartViewController.h */ = {isa = PBXFileReference; fileEncoding = 4; lastKnownFileType = sourcecode.c.h; name = HorizontalBarChartViewController.h; path = Controller/HorizontalBarChartViewController.h; sourceTree = "<group>"; };
		A0A77CAD1F14A52200D16BC2 /* HorizontalBarChartViewController.m */ = {isa = PBXFileReference; fileEncoding = 4; lastKnownFileType = sourcecode.c.objc; name = HorizontalBarChartViewController.m; path = Controller/HorizontalBarChartViewController.m; sourceTree = "<group>"; };
		A0A77CAF1F14A54500D16BC2 /* ViewController.h */ = {isa = PBXFileReference; fileEncoding = 4; lastKnownFileType = sourcecode.c.h; name = ViewController.h; path = Controller/ViewController.h; sourceTree = "<group>"; };
		A0A77CB01F14A54500D16BC2 /* ViewController.m */ = {isa = PBXFileReference; fileEncoding = 4; lastKnownFileType = sourcecode.c.objc; name = ViewController.m; path = Controller/ViewController.m; sourceTree = "<group>"; };
		A0C474781F1C60080098BCED /* CustomRankingPanel.h */ = {isa = PBXFileReference; fileEncoding = 4; lastKnownFileType = sourcecode.c.h; name = CustomRankingPanel.h; path = View/CustomRankingPanel.h; sourceTree = "<group>"; };
		A0C474791F1C60080098BCED /* CustomRankingPanel.m */ = {isa = PBXFileReference; fileEncoding = 4; lastKnownFileType = sourcecode.c.objc; name = CustomRankingPanel.m; path = View/CustomRankingPanel.m; sourceTree = "<group>"; };
		A0C4747E1F1CB2570098BCED /* Silver Cup.jpg */ = {isa = PBXFileReference; lastKnownFileType = image.jpeg; name = "Silver Cup.jpg"; path = "Images/Silver Cup.jpg"; sourceTree = "<group>"; };
		A0C4747F1F1CB2570098BCED /* Silver Cup@2x.jpg */ = {isa = PBXFileReference; lastKnownFileType = image.jpeg; name = "Silver Cup@2x.jpg"; path = "Images/Silver Cup@2x.jpg"; sourceTree = "<group>"; };
		A0CA3CE21F19178400BF4079 /* BarChartValueLabel.h */ = {isa = PBXFileReference; fileEncoding = 4; lastKnownFileType = sourcecode.c.h; name = BarChartValueLabel.h; path = View/BarChartValueLabel.h; sourceTree = "<group>"; };
		A0CA3CE31F19178400BF4079 /* BarChartValueLabel.m */ = {isa = PBXFileReference; fileEncoding = 4; lastKnownFileType = sourcecode.c.objc; name = BarChartValueLabel.m; path = View/BarChartValueLabel.m; sourceTree = "<group>"; };
		A0EF81C01F17A087006065BF /* UIColor+RGB.h */ = {isa = PBXFileReference; fileEncoding = 4; lastKnownFileType = sourcecode.c.h; name = "UIColor+RGB.h"; path = "Model/UIColor+RGB.h"; sourceTree = "<group>"; };
		A0EF81C11F17A087006065BF /* UIColor+RGB.m */ = {isa = PBXFileReference; fileEncoding = 4; lastKnownFileType = sourcecode.c.objc; name = "UIColor+RGB.m"; path = "Model/UIColor+RGB.m"; sourceTree = "<group>"; };
		A0EF81C31F17AF16006065BF /* UtilityClasses.h */ = {isa = PBXFileReference; lastKnownFileType = sourcecode.c.h; name = UtilityClasses.h; path = Model/UtilityClasses.h; sourceTree = "<group>"; };
		B5C4B2BB6DE84A84F634A741 /* Pods-MyChartDemo.debug.xcconfig */ = {isa = PBXFileReference; includeInIndex = 1; lastKnownFileType = text.xcconfig; name = "Pods-MyChartDemo.debug.xcconfig"; path = "Pods/Target Support Files/Pods-MyChartDemo/Pods-MyChartDemo.debug.xcconfig"; sourceTree = "<group>"; };
		BF0CE7B46736D76FB97DD25F /* Pods-AnimationLab.debug.xcconfig */ = {isa = PBXFileReference; includeInIndex = 1; lastKnownFileType = text.xcconfig; name = "Pods-AnimationLab.debug.xcconfig"; path = "Pods/Target Support Files/Pods-AnimationLab/Pods-AnimationLab.debug.xcconfig"; sourceTree = "<group>"; };
		CD67C3014E77FAC6F86485EE /* Pods_MyChartDemo.framework */ = {isa = PBXFileReference; explicitFileType = wrapper.framework; includeInIndex = 0; path = Pods_MyChartDemo.framework; sourceTree = BUILT_PRODUCTS_DIR; };
		EF7DCF4C1267F64614E44768 /* Pods-MyChartDemo.release.xcconfig */ = {isa = PBXFileReference; includeInIndex = 1; lastKnownFileType = text.xcconfig; name = "Pods-MyChartDemo.release.xcconfig"; path = "Pods/Target Support Files/Pods-MyChartDemo/Pods-MyChartDemo.release.xcconfig"; sourceTree = "<group>"; };
/* End PBXFileReference section */

/* Begin PBXFrameworksBuildPhase section */
		A0A77C891F14750F00D16BC2 /* Frameworks */ = {
			isa = PBXFrameworksBuildPhase;
			buildActionMask = 2147483647;
			files = (
				B7B32994D794EA1B65256A60 /* Pods_MyChartDemo.framework in Frameworks */,
				E684C6EA3E121773D358CE2D /* Pods_AnimationLab.framework in Frameworks */,
			);
			runOnlyForDeploymentPostprocessing = 0;
		};
/* End PBXFrameworksBuildPhase section */

/* Begin PBXGroup section */
		A028A6111F2200F2003A4CC4 /* WaveView */ = {
			isa = PBXGroup;
			children = (
				A028A6181F2206AE003A4CC4 /* WaveView.h */,
				A028A6191F2206AE003A4CC4 /* WaveView.m */,
				A028A6151F22069F003A4CC4 /* WeakLinkObj.h */,
				A028A6161F22069F003A4CC4 /* WeakLinkObj.m */,
			);
			name = WaveView;
			sourceTree = "<group>";
		};
		A07E86531F160DFC00A3D158 /* Xibs */ = {
			isa = PBXGroup;
			children = (
				A07E86541F160E2000A3D158 /* HorizontalBarChartViewController.xib */,
				A07E865D1F16309900A3D158 /* MembershipViewController.xib */,
				A09F27F21F1F12D200DF4825 /* WavingViewViewController.xib */,
			);
			name = Xibs;
			sourceTree = "<group>";
		};
		A0A77C831F14750F00D16BC2 = {
			isa = PBXGroup;
			children = (
				A0A77C8E1F14750F00D16BC2 /* AnimationLab */,
				A0A77C8D1F14750F00D16BC2 /* Products */,
				B2B934F2D65FEB74D2CF5A9E /* Pods */,
				BC54544F2D883650D0123AD5 /* Frameworks */,
			);
			sourceTree = "<group>";
		};
		A0A77C8D1F14750F00D16BC2 /* Products */ = {
			isa = PBXGroup;
			children = (
				A0A77C8C1F14750F00D16BC2 /* AnimationLab.app */,
			);
			name = Products;
			sourceTree = "<group>";
		};
		A0A77C8E1F14750F00D16BC2 /* AnimationLab */ = {
			isa = PBXGroup;
			children = (
				A0A77C921F14750F00D16BC2 /* AppDelegate.h */,
				A0A77C931F14750F00D16BC2 /* AppDelegate.m */,
				A0A77CA71F14887500D16BC2 /* Model */,
				A0A77CA61F14757700D16BC2 /* Controller */,
				A0A77CA81F14887F00D16BC2 /* View */,
				A0A77C9B1F14750F00D16BC2 /* Assets.xcassets */,
				A07E86531F160DFC00A3D158 /* Xibs */,
				A0A77C981F14750F00D16BC2 /* Main.storyboard */,
				A0A77C9D1F14750F00D16BC2 /* LaunchScreen.storyboard */,
				A0A77CA01F14750F00D16BC2 /* Info.plist */,
				A0A77C8F1F14750F00D16BC2 /* Supporting Files */,
			);
			path = AnimationLab;
			sourceTree = "<group>";
		};
		A0A77C8F1F14750F00D16BC2 /* Supporting Files */ = {
			isa = PBXGroup;
			children = (
				A0C4747B1F1CB18A0098BCED /* Images */,
				A0A77C901F14750F00D16BC2 /* main.m */,
			);
			name = "Supporting Files";
			sourceTree = "<group>";
		};
		A0A77CA61F14757700D16BC2 /* Controller */ = {
			isa = PBXGroup;
			children = (
				A0A77CAF1F14A54500D16BC2 /* ViewController.h */,
				A0A77CB01F14A54500D16BC2 /* ViewController.m */,
				A0A77CAC1F14A52200D16BC2 /* HorizontalBarChartViewController.h */,
				A0A77CAD1F14A52200D16BC2 /* HorizontalBarChartViewController.m */,
				A07E86581F16307F00A3D158 /* MembershipViewController.h */,
				A07E86591F16307F00A3D158 /* MembershipViewController.m */,
				A09F27ED1F1F12BC00DF4825 /* WavingViewViewController.h */,
				A09F27EE1F1F12BC00DF4825 /* WavingViewViewController.m */,
			);
			name = Controller;
			sourceTree = "<group>";
		};
		A0A77CA71F14887500D16BC2 /* Model */ = {
			isa = PBXGroup;
			children = (
				A0EF81C31F17AF16006065BF /* UtilityClasses.h */,
				A0EF81C01F17A087006065BF /* UIColor+RGB.h */,
				A0EF81C11F17A087006065BF /* UIColor+RGB.m */,
			);
			name = Model;
			sourceTree = "<group>";
		};
		A0A77CA81F14887F00D16BC2 /* View */ = {
			isa = PBXGroup;
			children = (
				A028A6111F2200F2003A4CC4 /* WaveView */,
				A0978FCB1F18A63000F815BA /* SimpleHorizontalBarChart.h */,
				A0978FCC1F18A63000F815BA /* SimpleHorizontalBarChart.m */,
				A0CA3CE21F19178400BF4079 /* BarChartValueLabel.h */,
				A0CA3CE31F19178400BF4079 /* BarChartValueLabel.m */,
				A0C474781F1C60080098BCED /* CustomRankingPanel.h */,
				A0C474791F1C60080098BCED /* CustomRankingPanel.m */,
				A026A0FE1F1DC31A007CF948 /* CircleLabel.h */,
				A026A0FF1F1DC31A007CF948 /* CircleLabel.m */,
				A04EF0741F20568B00CC70FB /* BlueRoundButton.h */,
				A04EF0751F20568B00CC70FB /* BlueRoundButton.m */,
				A04EF0771F2056BF00CC70FB /* RightRoundCornerLabel.h */,
				A04EF0781F2056BF00CC70FB /* RightRoundCornerLabel.m */,
				A09008D11F20C201002E044B /* GroupButtonWithColor.h */,
				A09008D21F20C201002E044B /* GroupButtonWithColor.m */,
			);
			name = View;
			sourceTree = "<group>";
		};
		A0C4747B1F1CB18A0098BCED /* Images */ = {
			isa = PBXGroup;
			children = (
				A0C4747E1F1CB2570098BCED /* Silver Cup.jpg */,
				A0C4747F1F1CB2570098BCED /* Silver Cup@2x.jpg */,
			);
			name = Images;
			sourceTree = "<group>";
		};
		B2B934F2D65FEB74D2CF5A9E /* Pods */ = {
			isa = PBXGroup;
			children = (
				B5C4B2BB6DE84A84F634A741 /* Pods-MyChartDemo.debug.xcconfig */,
				EF7DCF4C1267F64614E44768 /* Pods-MyChartDemo.release.xcconfig */,
				BF0CE7B46736D76FB97DD25F /* Pods-AnimationLab.debug.xcconfig */,
				5A19D921E89C62C4E8E4B9F9 /* Pods-AnimationLab.release.xcconfig */,
			);
			name = Pods;
			sourceTree = "<group>";
		};
		BC54544F2D883650D0123AD5 /* Frameworks */ = {
			isa = PBXGroup;
			children = (
				CD67C3014E77FAC6F86485EE /* Pods_MyChartDemo.framework */,
				5D80AB908942154A2D69DA66 /* Pods_AnimationLab.framework */,
			);
			name = Frameworks;
			sourceTree = "<group>";
		};
/* End PBXGroup section */

/* Begin PBXNativeTarget section */
		A0A77C8B1F14750F00D16BC2 /* AnimationLab */ = {
			isa = PBXNativeTarget;
			buildConfigurationList = A0A77CA31F14750F00D16BC2 /* Build configuration list for PBXNativeTarget "AnimationLab" */;
			buildPhases = (
				94CB80F12C7EA99AFC57704F /* [CP] Check Pods Manifest.lock */,
				A0A77C881F14750F00D16BC2 /* Sources */,
				A0A77C891F14750F00D16BC2 /* Frameworks */,
				A0A77C8A1F14750F00D16BC2 /* Resources */,
				B707647151A5FBA90E0D7456 /* [CP] Embed Pods Frameworks */,
				6B7CE847E48B65B561C440FC /* [CP] Copy Pods Resources */,
			);
			buildRules = (
			);
			dependencies = (
			);
			name = AnimationLab;
			productName = MyChartDemo;
			productReference = A0A77C8C1F14750F00D16BC2 /* AnimationLab.app */;
			productType = "com.apple.product-type.application";
		};
/* End PBXNativeTarget section */

/* Begin PBXProject section */
		A0A77C841F14750F00D16BC2 /* Project object */ = {
			isa = PBXProject;
			attributes = {
				LastUpgradeCheck = 0830;
				ORGANIZATIONNAME = Bloomer;
				TargetAttributes = {
					A0A77C8B1F14750F00D16BC2 = {
						CreatedOnToolsVersion = 8.3.3;
						DevelopmentTeam = 5B25D68AQH;
						ProvisioningStyle = Automatic;
					};
				};
			};
			buildConfigurationList = A0A77C871F14750F00D16BC2 /* Build configuration list for PBXProject "AnimationLab" */;
			compatibilityVersion = "Xcode 3.2";
			developmentRegion = English;
			hasScannedForEncodings = 0;
			knownRegions = (
				en,
				Base,
			);
			mainGroup = A0A77C831F14750F00D16BC2;
			productRefGroup = A0A77C8D1F14750F00D16BC2 /* Products */;
			projectDirPath = "";
			projectRoot = "";
			targets = (
				A0A77C8B1F14750F00D16BC2 /* AnimationLab */,
			);
		};
/* End PBXProject section */

/* Begin PBXResourcesBuildPhase section */
		A0A77C8A1F14750F00D16BC2 /* Resources */ = {
			isa = PBXResourcesBuildPhase;
			buildActionMask = 2147483647;
			files = (
				A0A77C9F1F14750F00D16BC2 /* LaunchScreen.storyboard in Resources */,
				A07E865E1F16309900A3D158 /* MembershipViewController.xib in Resources */,
				A0C474801F1CB2570098BCED /* Silver Cup.jpg in Resources */,
				A09F27F31F1F12D200DF4825 /* WavingViewViewController.xib in Resources */,
				A0A77C9C1F14750F00D16BC2 /* Assets.xcassets in Resources */,
				A0C474811F1CB2570098BCED /* Silver Cup@2x.jpg in Resources */,
				A07E86551F160E2000A3D158 /* HorizontalBarChartViewController.xib in Resources */,
				A0A77C9A1F14750F00D16BC2 /* Main.storyboard in Resources */,
			);
			runOnlyForDeploymentPostprocessing = 0;
		};
/* End PBXResourcesBuildPhase section */

/* Begin PBXShellScriptBuildPhase section */
		6B7CE847E48B65B561C440FC /* [CP] Copy Pods Resources */ = {
			isa = PBXShellScriptBuildPhase;
			buildActionMask = 2147483647;
			files = (
			);
			inputPaths = (
			);
			name = "[CP] Copy Pods Resources";
			outputPaths = (
			);
			runOnlyForDeploymentPostprocessing = 0;
			shellPath = /bin/sh;
			shellScript = "\"${SRCROOT}/Pods/Target Support Files/Pods-AnimationLab/Pods-AnimationLab-resources.sh\"\n";
			showEnvVarsInLog = 0;
		};
		94CB80F12C7EA99AFC57704F /* [CP] Check Pods Manifest.lock */ = {
			isa = PBXShellScriptBuildPhase;
			buildActionMask = 2147483647;
			files = (
			);
			inputPaths = (
			);
			name = "[CP] Check Pods Manifest.lock";
			outputPaths = (
			);
			runOnlyForDeploymentPostprocessing = 0;
			shellPath = /bin/sh;
			shellScript = "diff \"${PODS_PODFILE_DIR_PATH}/Podfile.lock\" \"${PODS_ROOT}/Manifest.lock\" > /dev/null\nif [ $? != 0 ] ; then\n    # print error to STDERR\n    echo \"error: The sandbox is not in sync with the Podfile.lock. Run 'pod install' or update your CocoaPods installation.\" >&2\n    exit 1\nfi\n";
			showEnvVarsInLog = 0;
		};
		B707647151A5FBA90E0D7456 /* [CP] Embed Pods Frameworks */ = {
			isa = PBXShellScriptBuildPhase;
			buildActionMask = 2147483647;
			files = (
			);
			inputPaths = (
			);
			name = "[CP] Embed Pods Frameworks";
			outputPaths = (
			);
			runOnlyForDeploymentPostprocessing = 0;
			shellPath = /bin/sh;
			shellScript = "\"${SRCROOT}/Pods/Target Support Files/Pods-AnimationLab/Pods-AnimationLab-frameworks.sh\"\n";
			showEnvVarsInLog = 0;
		};
/* End PBXShellScriptBuildPhase section */

/* Begin PBXSourcesBuildPhase section */
		A0A77C881F14750F00D16BC2 /* Sources */ = {
			isa = PBXSourcesBuildPhase;
			buildActionMask = 2147483647;
			files = (
				A0978FCD1F18A63000F815BA /* SimpleHorizontalBarChart.m in Sources */,
				A0A77CAE1F14A52200D16BC2 /* HorizontalBarChartViewController.m in Sources */,
				A0EF81C21F17A087006065BF /* UIColor+RGB.m in Sources */,
				A04EF0791F2056BF00CC70FB /* RightRoundCornerLabel.m in Sources */,
				A0A77C941F14750F00D16BC2 /* AppDelegate.m in Sources */,
				A0A77CB11F14A54500D16BC2 /* ViewController.m in Sources */,
				A09F27F01F1F12BC00DF4825 /* WavingViewViewController.m in Sources */,
				A0CA3CE41F19178400BF4079 /* BarChartValueLabel.m in Sources */,
				A0C4747A1F1C60080098BCED /* CustomRankingPanel.m in Sources */,
				A028A6171F22069F003A4CC4 /* WeakLinkObj.m in Sources */,
				A04EF0761F20568B00CC70FB /* BlueRoundButton.m in Sources */,
				A09008D31F20C201002E044B /* GroupButtonWithColor.m in Sources */,
				A026A1001F1DC31A007CF948 /* CircleLabel.m in Sources */,
				A028A61A1F2206AE003A4CC4 /* WaveView.m in Sources */,
				A0A77C911F14750F00D16BC2 /* main.m in Sources */,
				A07E865B1F16307F00A3D158 /* MembershipViewController.m in Sources */,
			);
			runOnlyForDeploymentPostprocessing = 0;
		};
/* End PBXSourcesBuildPhase section */

/* Begin PBXVariantGroup section */
		A0A77C981F14750F00D16BC2 /* Main.storyboard */ = {
			isa = PBXVariantGroup;
			children = (
				A0A77C991F14750F00D16BC2 /* Base */,
			);
			name = Main.storyboard;
			sourceTree = "<group>";
		};
		A0A77C9D1F14750F00D16BC2 /* LaunchScreen.storyboard */ = {
			isa = PBXVariantGroup;
			children = (
				A0A77C9E1F14750F00D16BC2 /* Base */,
			);
			name = LaunchScreen.storyboard;
			sourceTree = "<group>";
		};
/* End PBXVariantGroup section */

/* Begin XCBuildConfiguration section */
		A0A77CA11F14750F00D16BC2 /* Debug */ = {
			isa = XCBuildConfiguration;
			buildSettings = {
				ALWAYS_SEARCH_USER_PATHS = NO;
				CLANG_ANALYZER_NONNULL = YES;
				CLANG_ANALYZER_NUMBER_OBJECT_CONVERSION = YES_AGGRESSIVE;
				CLANG_CXX_LANGUAGE_STANDARD = "gnu++0x";
				CLANG_CXX_LIBRARY = "libc++";
				CLANG_ENABLE_MODULES = YES;
				CLANG_ENABLE_OBJC_ARC = YES;
				CLANG_WARN_BOOL_CONVERSION = YES;
				CLANG_WARN_CONSTANT_CONVERSION = YES;
				CLANG_WARN_DIRECT_OBJC_ISA_USAGE = YES_ERROR;
				CLANG_WARN_DOCUMENTATION_COMMENTS = YES;
				CLANG_WARN_EMPTY_BODY = YES;
				CLANG_WARN_ENUM_CONVERSION = YES;
				CLANG_WARN_INFINITE_RECURSION = YES;
				CLANG_WARN_INT_CONVERSION = YES;
				CLANG_WARN_OBJC_ROOT_CLASS = YES_ERROR;
				CLANG_WARN_SUSPICIOUS_MOVE = YES;
				CLANG_WARN_UNREACHABLE_CODE = YES;
				CLANG_WARN__DUPLICATE_METHOD_MATCH = YES;
				"CODE_SIGN_IDENTITY[sdk=iphoneos*]" = "iPhone Developer";
				COPY_PHASE_STRIP = NO;
				DEBUG_INFORMATION_FORMAT = dwarf;
				ENABLE_STRICT_OBJC_MSGSEND = YES;
				ENABLE_TESTABILITY = YES;
				GCC_C_LANGUAGE_STANDARD = gnu99;
				GCC_DYNAMIC_NO_PIC = NO;
				GCC_NO_COMMON_BLOCKS = YES;
				GCC_OPTIMIZATION_LEVEL = 0;
				GCC_PREPROCESSOR_DEFINITIONS = (
					"DEBUG=1",
					"$(inherited)",
				);
				GCC_WARN_64_TO_32_BIT_CONVERSION = YES;
				GCC_WARN_ABOUT_RETURN_TYPE = YES_ERROR;
				GCC_WARN_UNDECLARED_SELECTOR = YES;
				GCC_WARN_UNINITIALIZED_AUTOS = YES_AGGRESSIVE;
				GCC_WARN_UNUSED_FUNCTION = YES;
				GCC_WARN_UNUSED_VARIABLE = YES;
				IPHONEOS_DEPLOYMENT_TARGET = 10.3;
				MTL_ENABLE_DEBUG_INFO = YES;
				ONLY_ACTIVE_ARCH = YES;
				SDKROOT = iphoneos;
				TARGETED_DEVICE_FAMILY = "1,2";
			};
			name = Debug;
		};
		A0A77CA21F14750F00D16BC2 /* Release */ = {
			isa = XCBuildConfiguration;
			buildSettings = {
				ALWAYS_SEARCH_USER_PATHS = NO;
				CLANG_ANALYZER_NONNULL = YES;
				CLANG_ANALYZER_NUMBER_OBJECT_CONVERSION = YES_AGGRESSIVE;
				CLANG_CXX_LANGUAGE_STANDARD = "gnu++0x";
				CLANG_CXX_LIBRARY = "libc++";
				CLANG_ENABLE_MODULES = YES;
				CLANG_ENABLE_OBJC_ARC = YES;
				CLANG_WARN_BOOL_CONVERSION = YES;
				CLANG_WARN_CONSTANT_CONVERSION = YES;
				CLANG_WARN_DIRECT_OBJC_ISA_USAGE = YES_ERROR;
				CLANG_WARN_DOCUMENTATION_COMMENTS = YES;
				CLANG_WARN_EMPTY_BODY = YES;
				CLANG_WARN_ENUM_CONVERSION = YES;
				CLANG_WARN_INFINITE_RECURSION = YES;
				CLANG_WARN_INT_CONVERSION = YES;
				CLANG_WARN_OBJC_ROOT_CLASS = YES_ERROR;
				CLANG_WARN_SUSPICIOUS_MOVE = YES;
				CLANG_WARN_UNREACHABLE_CODE = YES;
				CLANG_WARN__DUPLICATE_METHOD_MATCH = YES;
				"CODE_SIGN_IDENTITY[sdk=iphoneos*]" = "iPhone Developer";
				COPY_PHASE_STRIP = NO;
				DEBUG_INFORMATION_FORMAT = "dwarf-with-dsym";
				ENABLE_NS_ASSERTIONS = NO;
				ENABLE_STRICT_OBJC_MSGSEND = YES;
				GCC_C_LANGUAGE_STANDARD = gnu99;
				GCC_NO_COMMON_BLOCKS = YES;
				GCC_WARN_64_TO_32_BIT_CONVERSION = YES;
				GCC_WARN_ABOUT_RETURN_TYPE = YES_ERROR;
				GCC_WARN_UNDECLARED_SELECTOR = YES;
				GCC_WARN_UNINITIALIZED_AUTOS = YES_AGGRESSIVE;
				GCC_WARN_UNUSED_FUNCTION = YES;
				GCC_WARN_UNUSED_VARIABLE = YES;
				IPHONEOS_DEPLOYMENT_TARGET = 10.3;
				MTL_ENABLE_DEBUG_INFO = NO;
				SDKROOT = iphoneos;
				TARGETED_DEVICE_FAMILY = "1,2";
				VALIDATE_PRODUCT = YES;
			};
			name = Release;
		};
		A0A77CA41F14750F00D16BC2 /* Debug */ = {
			isa = XCBuildConfiguration;
			baseConfigurationReference = BF0CE7B46736D76FB97DD25F /* Pods-AnimationLab.debug.xcconfig */;
			buildSettings = {
				ASSETCATALOG_COMPILER_APPICON_NAME = AppIcon;
				DEVELOPMENT_TEAM = 5B25D68AQH;
				INFOPLIST_FILE = MyChartDemo/Info.plist;
				IPHONEOS_DEPLOYMENT_TARGET = 9.0;
				LD_RUNPATH_SEARCH_PATHS = "$(inherited) @executable_path/Frameworks";
				PRODUCT_BUNDLE_IDENTIFIER = com.hungMighty.MyChartDemo;
				PRODUCT_NAME = "$(TARGET_NAME)";
			};
			name = Debug;
		};
		A0A77CA51F14750F00D16BC2 /* Release */ = {
			isa = XCBuildConfiguration;
			baseConfigurationReference = 5A19D921E89C62C4E8E4B9F9 /* Pods-AnimationLab.release.xcconfig */;
			buildSettings = {
				ASSETCATALOG_COMPILER_APPICON_NAME = AppIcon;
				DEVELOPMENT_TEAM = 5B25D68AQH;
				INFOPLIST_FILE = MyChartDemo/Info.plist;
				IPHONEOS_DEPLOYMENT_TARGET = 9.0;
				LD_RUNPATH_SEARCH_PATHS = "$(inherited) @executable_path/Frameworks";
				PRODUCT_BUNDLE_IDENTIFIER = com.hungMighty.MyChartDemo;
				PRODUCT_NAME = "$(TARGET_NAME)";
			};
			name = Release;
		};
/* End XCBuildConfiguration section */

/* Begin XCConfigurationList section */
		A0A77C871F14750F00D16BC2 /* Build configuration list for PBXProject "AnimationLab" */ = {
			isa = XCConfigurationList;
			buildConfigurations = (
				A0A77CA11F14750F00D16BC2 /* Debug */,
				A0A77CA21F14750F00D16BC2 /* Release */,
			);
			defaultConfigurationIsVisible = 0;
			defaultConfigurationName = Release;
		};
		A0A77CA31F14750F00D16BC2 /* Build configuration list for PBXNativeTarget "AnimationLab" */ = {
			isa = XCConfigurationList;
			buildConfigurations = (
				A0A77CA41F14750F00D16BC2 /* Debug */,
				A0A77CA51F14750F00D16BC2 /* Release */,
			);
			defaultConfigurationIsVisible = 0;
			defaultConfigurationName = Release;
		};
/* End XCConfigurationList section */
	};
	rootObject = A0A77C841F14750F00D16BC2 /* Project object */;
}
